# This file is autogenerated, do not edit; changes may be undone by the next 'dep ensure'.


[[projects]]
  digest = "1:ffe9824d294da03b391f44e1ae8281281b4afc1bdaa9588c9097785e3af10cec"
  name = "github.com/davecgh/go-spew"
  packages = ["spew"]
  pruneopts = "NUT"
  revision = "8991bc29aa16c548c550c7ff78260e27b9ab7c73"
  version = "v1.1.1"

[[projects]]
  digest = "1:7a6852b35eb5bbc184561443762d225116ae630c26a7c4d90546619f1e7d2ad2"
  name = "github.com/dgrijalva/jwt-go"
  packages = ["."]
  pruneopts = "NUT"
  revision = "06ea1031745cb8b3dab3f6a236daf2b0aa468b7e"
  version = "v3.2.0"

[[projects]]
  branch = "master"
  digest = "1:9a8c267811e3b6fae377040b8bf050fcee59fdb8cade14ad3f929d924e08093d"
  name = "github.com/getlantern/context"
  packages = ["."]
  pruneopts = "NUT"
  revision = "624d99b1798d7c5375ea1d3ca4c5b04d58f7c775"

[[projects]]
  branch = "master"
  digest = "1:56460acc7affba18fa344130886a6f841988d1368a051759d2e0c03ef6255f54"
  name = "github.com/getlantern/errors"
  packages = ["."]
  pruneopts = "NUT"
  revision = "e24b7f4ff7c70be59bbefca6b7695d68cda8b399"

[[projects]]
  branch = "master"
  digest = "1:f12c7103ba4c446c6822f331ada3e5f0c3626be111a115e92700cd2724bca9ed"
  name = "github.com/getlantern/hex"
  packages = ["."]
  pruneopts = "NUT"
  revision = "083fba3033ad473db3dd31c9bb368473d37581a7"

[[projects]]
  branch = "master"
  digest = "1:916634881c70eb3c2201419786896254d601a786a9124e662a079d4649df160d"
  name = "github.com/getlantern/hidden"
  packages = ["."]
  pruneopts = "NUT"
  revision = "d52a649ab33af200943bb599898dbdcfdbc94cb7"

[[projects]]
  branch = "master"
  digest = "1:f84e2692edf40301ae0ce718695cde032f5c6964e4fad812749eb1eaefa95785"
  name = "github.com/getlantern/ops"
  packages = ["."]
  pruneopts = "NUT"
  revision = "37353306c90844c8e0591956f56611f46299d202"

[[projects]]
  digest = "1:91358b3a314c1ddfd4d6445ca9c1fb846842c31c153e626730594b3c95f73f4a"
  name = "github.com/go-stack/stack"
  packages = ["."]
  pruneopts = "NUT"
  revision = "2fee6af1a9795aafbe0253a0cfbdf668e1fb8a9a"
  version = "v1.8.0"

[[projects]]
  digest = "1:c593b6b68e9b9b40d4f259db06d697444ffec56db6c70a023c3b80c39d3ad9bc"
  name = "github.com/go-xorm/builder"
  packages = ["."]
  pruneopts = "NUT"
  revision = "145c9968bfe732a56d7160439d25154c5aaa2f35"
  version = "v0.3.1"

[[projects]]
  digest = "1:c910feae32bcc3cbf068c7263424d9f198da931c0cad909179621835e6f87cb8"
  name = "github.com/go-xorm/core"
  packages = ["."]
  pruneopts = "NUT"
  revision = "c10e21e7e1cec20e09398f2dfae385e58c8df555"
  version = "v0.6.0"

[[projects]]
  digest = "1:cf5374672de380bbe361d2b3ef6a904c55130f424a54c89db69c1ed34aa06298"
  name = "github.com/go-xorm/xorm"
  packages = ["."]
  pruneopts = "NUT"
  revision = "d85bb4911c725a53b135fc12862748a41b6c07da"
  version = "v0.7.0"

[[projects]]
  digest = "1:054eee1d0e46aac07290bb3b2d42f1e9fc302c4c430012ed5507e9f7eac89c12"
  name = "github.com/gosimple/slug"
  packages = ["."]
  pruneopts = "NUT"
  revision = "91d42f4c3433698e88e87b17a3efbfe40b67c323"
  version = "v1.2.0"

[[projects]]
  digest = "1:0f7251e66e237eff3aa62a70890f67a3364b4a77c3a496f18773d6cd4b50938c"
  name = "github.com/labstack/echo"
  packages = [
    ".",
    "middleware",
  ]
  pruneopts = "NUT"
  revision = "1abaa3049251d17932e4313c2d6165073fd07fd8"
  version = "v3.3.6"

[[projects]]
  digest = "1:42ecba6280172b66005991519361e5c0505d89f9685c0d4311f9ec546610d453"
  name = "github.com/labstack/gommon"
  packages = [
    "bytes",
    "color",
    "log",
    "random",
  ]
  pruneopts = "NUT"
  revision = "2a618302b929cc20862dda3aa6f02f64dbe740dd"
  version = "v0.2.7"

[[projects]]
  digest = "1:4d5fa9f49e5bf3d55c16ff562af9e3231f9ac5ccf495927fd0555f4607c15475"
  name = "github.com/lib/pq"
  packages = [
    ".",
    "oid",
  ]
  pruneopts = "NUT"
  revision = "4ded0e9383f75c197b3a2aaa6d590ac52df6fd79"
  version = "v1.0.0"

[[projects]]
  digest = "1:08c231ec84231a7e23d67e4b58f975e1423695a32467a362ee55a803f9de8061"
  name = "github.com/mattn/go-colorable"
  packages = ["."]
  pruneopts = "NUT"
  revision = "167de6bfdfba052fa6b2d3664c8f5272e23c9072"
  version = "v0.0.9"

[[projects]]
  digest = "1:bffa444ca07c69c599ae5876bc18b25bfd5fa85b297ca10a25594d284a7e9c5d"
  name = "github.com/mattn/go-isatty"
  packages = ["."]
  pruneopts = "NUT"
  revision = "6ca4dbf54d38eea1a992b3c722a76a5d1c4cb25c"
  version = "v0.0.4"

[[projects]]
  digest = "1:0028cb19b2e4c3112225cd871870f2d9cf49b9b4276531f03438a88e94be86fe"
  name = "github.com/pmezard/go-difflib"
  packages = ["difflib"]
  pruneopts = "NUT"
  revision = "792786c7400a136282c1664665ae0a8db921c6c2"
  version = "v1.0.0"

[[projects]]
  branch = "master"
  digest = "1:16e2136a67ec44aa2d1d6b0fd65394b3c4a8b2a1b6730c77967f7b7b06b179b2"
  name = "github.com/rainycape/unidecode"
  packages = ["."]
  pruneopts = "NUT"
  revision = "cb7f23ec59bec0d61b19c56cd88cee3d0cc1870c"

[[projects]]
  digest = "1:1af58d182e3b1008d25d7ba65ff7c2631a246023d3b814f9ba8c7919aded59f3"
  name = "github.com/sethvargo/go-password"
  packages = ["password"]
  pruneopts = "NUT"
  revision = "bc15c697eeda69a082991d2f1ed37660658fea32"
  version = "v0.1.2"

[[projects]]
  digest = "1:11afe1ad32273aeda2ff5e80317638da5006aff881263b995038900a89494eff"
  name = "github.com/shopspring/decimal"
  packages = ["."]
  pruneopts = "NUT"
  revision = "cd690d0c9e2447b1ef2a129a6b7b49077da89b8e"
  version = "1.1.0"

[[projects]]
  digest = "1:60a46e2410edbf02b419f833372dd1d24d7aa1b916a990a7370e792fada1eadd"
  name = "github.com/stretchr/objx"
  packages = ["."]
  pruneopts = "NUT"
  revision = "477a77ecc69700c7cdeb1fa9e129548e1c1c393c"
  version = "v0.1.1"

[[projects]]
  digest = "1:81d363777b015e85bd42b978b80f4f5ecdaa43e11452ba8ff7ea93db3ce166bd"
  name = "github.com/stretchr/testify"
  packages = [
    "assert",
    "mock",
  ]
  pruneopts = "NUT"
  revision = "f35b8ab0b5a2cef36673838d662e249dd9c94686"
  version = "v1.2.2"

[[projects]]
  digest = "1:5dba68a1600a235630e208cb7196b24e58fcbb77bb7a6bec08fcd23f081b0a58"
  name = "github.com/urfave/cli"
  packages = ["."]
  pruneopts = "NUT"
  revision = "cfb38830724cc34fedffe9a2a29fb54fa9169cd1"
  version = "v1.20.0"

[[projects]]
  digest = "1:af354641f23332b1a8d5d361d11b5a9171589e412a67d499633706c611acc064"
  name = "github.com/valyala/bytebufferpool"
  packages = ["."]
  pruneopts = "NUT"
  revision = "e746df99fe4a3986f4d4f79e13c1e0117ce9c2f7"
  version = "v1.0.0"

[[projects]]
  branch = "master"
  digest = "1:f17377eef01c91aee2d0f93095d672bd27697c62e5546bde97f9c8412c141356"
  name = "github.com/valyala/fasttemplate"
  packages = ["."]
  pruneopts = "NUT"
  revision = "dcecefd839c4193db0d35b88ec65b4c12d360ab0"

[[projects]]
  branch = "master"
  digest = "1:4d2d4c25ade9a47aee073249abe73ac441e73d6748286bac404c0bfddc6cdd4a"
  name = "golang.org/x/crypto"
  packages = [
    "acme",
    "acme/autocert",
    "bcrypt",
    "blowfish",
  ]
  pruneopts = "NUT"
  revision = "e3636079e1a4c1f337f212cc5cd2aca108f6c900"

[[projects]]
  branch = "master"
  digest = "1:79325523c76a32a00daae41a018570653948212a2b93838c83c571f6a68e48ef"
  name = "golang.org/x/sys"
  packages = ["unix"]
  pruneopts = "NUT"
  revision = "e4b3c5e9061176387e7cea65e4dc5853801f3fb7"

[solve-meta]
  analyzer-name = "dep"
  analyzer-version = 1
  input-imports = [
    "github.com/dgrijalva/jwt-go",
    "github.com/getlantern/errors",
    "github.com/go-xorm/core",
    "github.com/go-xorm/xorm",
    "github.com/gosimple/slug",
    "github.com/labstack/echo",
    "github.com/labstack/echo/middleware",
    "github.com/labstack/gommon/log",
    "github.com/lib/pq",
    "github.com/sethvargo/go-password/password",
    "github.com/shopspring/decimal",
    "github.com/stretchr/testify/assert",
    "github.com/stretchr/testify/mock",
    "github.com/urfave/cli",
    "golang.org/x/crypto/bcrypt",
  ]
  solver-name = "gps-cdcl"
  solver-version = 1
